
Microsoft Visual Studio Solution File, Format Version 12.00
# Visual Studio 15
VisualStudioVersion = 15.0.27130.2010
MinimumVisualStudioVersion = 10.0.40219.1
Project("{9A19103F-16F7-4668-BE54-9A1E7A4F7556}") = "WebAPi", "MVC\WebAPi\WebAPi.csproj", "{4DEC6444-7F00-4A62-BD24-674005AF1F1A}"
EndProject
Project("{9A19103F-16F7-4668-BE54-9A1E7A4F7556}") = "Entities", "MVC\Entities\Entities.csproj", "{C83381FB-8C53-49D2-8AC4-7D4B3C381854}"
EndProject
Project("{9A19103F-16F7-4668-BE54-9A1E7A4F7556}") = "Infrastructure", "MVC\Infrastructure\Infrastructure.csproj", "{1FE4F92C-9DDB-4460-A7F8-0392547E9B99}"
EndProject
Project("{9A19103F-16F7-4668-BE54-9A1E7A4F7556}") = "MVCWEB", "MVC\MVCWEB\MVCWEB.csproj", "{5C54A631-AC1D-4F8C-A734-7C9EBAFFB47D}"
EndProject
Project("{FAE04EC0-301F-11D3-BF4B-00C04F79EFBC}") = "IValuaFakeWeb", "Autorizacion\WEBMVCAZURE\IValuaFakeWeb.csproj", "{A27ACDDE-F036-4812-B6CD-8BFC5ECEE520}"
EndProject
Project("{FAE04EC0-301F-11D3-BF4B-00C04F79EFBC}") = "ServicioGrupoAntolin", "Autorizacion\APIAZURE\ServicioGrupoAntolin.csproj", "{ADF93A2E-7886-4040-8A75-407E44A5CF6F}"
EndProject
Project("{9A19103F-16F7-4668-BE54-9A1E7A4F7556}") = "vuecore", "MVC\uecore\vuecore.csproj", "{3A3A9ADE-4DBB-495C-BC8A-371DDB213293}"
EndProject
Project("{FAE04EC0-301F-11D3-BF4B-00C04F79EFBC}") = "RazorPages", "MVC\RazorPages\RazorPages.csproj", "{A00D9E98-9B1B-49D3-9CC4-03384C69D3E1}"
EndProject
Project("{2150E333-8FDC-42A3-9474-1A3956D46DE8}") = "autorizacion Azure active directory", "autorizacion Azure active directory", "{0856B2FC-38F3-45B7-9360-105B12B8F7DF}"
EndProject
Project("{2150E333-8FDC-42A3-9474-1A3956D46DE8}") = "MVC", "MVC", "{413CE435-5DD7-441B-A0F4-1FEC1E0D2A9C}"
EndProject
Global
	GlobalSection(SolutionConfigurationPlatforms) = preSolution
		Debug|Any CPU = Debug|Any CPU
		Release|Any CPU = Release|Any CPU
	EndGlobalSection
	GlobalSection(ProjectConfigurationPlatforms) = postSolution
		{4DEC6444-7F00-4A62-BD24-674005AF1F1A}.Debug|Any CPU.ActiveCfg = Debug|Any CPU
		{4DEC6444-7F00-4A62-BD24-674005AF1F1A}.Debug|Any CPU.Build.0 = Debug|Any CPU
		{4DEC6444-7F00-4A62-BD24-674005AF1F1A}.Release|Any CPU.ActiveCfg = Release|Any CPU
		{4DEC6444-7F00-4A62-BD24-674005AF1F1A}.Release|Any CPU.Build.0 = Release|Any CPU
		{C83381FB-8C53-49D2-8AC4-7D4B3C381854}.Debug|Any CPU.ActiveCfg = Debug|Any CPU
		{C83381FB-8C53-49D2-8AC4-7D4B3C381854}.Debug|Any CPU.Build.0 = Debug|Any CPU
		{C83381FB-8C53-49D2-8AC4-7D4B3C381854}.Release|Any CPU.ActiveCfg = Release|Any CPU
		{C83381FB-8C53-49D2-8AC4-7D4B3C381854}.Release|Any CPU.Build.0 = Release|Any CPU
		{1FE4F92C-9DDB-4460-A7F8-0392547E9B99}.Debug|Any CPU.ActiveCfg = Debug|Any CPU
		{1FE4F92C-9DDB-4460-A7F8-0392547E9B99}.Debug|Any CPU.Build.0 = Debug|Any CPU
		{1FE4F92C-9DDB-4460-A7F8-0392547E9B99}.Release|Any CPU.ActiveCfg = Release|Any CPU
		{1FE4F92C-9DDB-4460-A7F8-0392547E9B99}.Release|Any CPU.Build.0 = Release|Any CPU
		{5C54A631-AC1D-4F8C-A734-7C9EBAFFB47D}.Debug|Any CPU.ActiveCfg = Debug|Any CPU
		{5C54A631-AC1D-4F8C-A734-7C9EBAFFB47D}.Debug|Any CPU.Build.0 = Debug|Any CPU
		{5C54A631-AC1D-4F8C-A734-7C9EBAFFB47D}.Release|Any CPU.ActiveCfg = Release|Any CPU
		{5C54A631-AC1D-4F8C-A734-7C9EBAFFB47D}.Release|Any CPU.Build.0 = Release|Any CPU
		{A27ACDDE-F036-4812-B6CD-8BFC5ECEE520}.Debug|Any CPU.ActiveCfg = Debug|Any CPU
		{A27ACDDE-F036-4812-B6CD-8BFC5ECEE520}.Debug|Any CPU.Build.0 = Debug|Any CPU
		{A27ACDDE-F036-4812-B6CD-8BFC5ECEE520}.Release|Any CPU.ActiveCfg = Release|Any CPU
		{A27ACDDE-F036-4812-B6CD-8BFC5ECEE520}.Release|Any CPU.Build.0 = Release|Any CPU
		{ADF93A2E-7886-4040-8A75-407E44A5CF6F}.Debug|Any CPU.ActiveCfg = Debug|Any CPU
		{ADF93A2E-7886-4040-8A75-407E44A5CF6F}.Debug|Any CPU.Build.0 = Debug|Any CPU
		{ADF93A2E-7886-4040-8A75-407E44A5CF6F}.Release|Any CPU.ActiveCfg = Release|Any CPU
		{ADF93A2E-7886-4040-8A75-407E44A5CF6F}.Release|Any CPU.Build.0 = Release|Any CPU
		{3A3A9ADE-4DBB-495C-BC8A-371DDB213293}.Debug|Any CPU.ActiveCfg = Debug|Any CPU
		{3A3A9ADE-4DBB-495C-BC8A-371DDB213293}.Debug|Any CPU.Build.0 = Debug|Any CPU
		{3A3A9ADE-4DBB-495C-BC8A-371DDB213293}.Release|Any CPU.ActiveCfg = Release|Any CPU
		{3A3A9ADE-4DBB-495C-BC8A-371DDB213293}.Release|Any CPU.Build.0 = Release|Any CPU
		{A00D9E98-9B1B-49D3-9CC4-03384C69D3E1}.Debug|Any CPU.ActiveCfg = Debug|Any CPU
		{A00D9E98-9B1B-49D3-9CC4-03384C69D3E1}.Debug|Any CPU.Build.0 = Debug|Any CPU
		{A00D9E98-9B1B-49D3-9CC4-03384C69D3E1}.Release|Any CPU.ActiveCfg = Release|Any CPU
		{A00D9E98-9B1B-49D3-9CC4-03384C69D3E1}.Release|Any CPU.Build.0 = Release|Any CPU
	EndGlobalSection
	GlobalSection(SolutionProperties) = preSolution
		HideSolutionNode = FALSE
	EndGlobalSection
	GlobalSection(NestedProjects) = preSolution
		{4DEC6444-7F00-4A62-BD24-674005AF1F1A} = {413CE435-5DD7-441B-A0F4-1FEC1E0D2A9C}
		{C83381FB-8C53-49D2-8AC4-7D4B3C381854} = {413CE435-5DD7-441B-A0F4-1FEC1E0D2A9C}
		{1FE4F92C-9DDB-4460-A7F8-0392547E9B99} = {413CE435-5DD7-441B-A0F4-1FEC1E0D2A9C}
		{5C54A631-AC1D-4F8C-A734-7C9EBAFFB47D} = {413CE435-5DD7-441B-A0F4-1FEC1E0D2A9C}
		{A27ACDDE-F036-4812-B6CD-8BFC5ECEE520} = {0856B2FC-38F3-45B7-9360-105B12B8F7DF}
		{ADF93A2E-7886-4040-8A75-407E44A5CF6F} = {0856B2FC-38F3-45B7-9360-105B12B8F7DF}
		{3A3A9ADE-4DBB-495C-BC8A-371DDB213293} = {413CE435-5DD7-441B-A0F4-1FEC1E0D2A9C}
		{A00D9E98-9B1B-49D3-9CC4-03384C69D3E1} = {413CE435-5DD7-441B-A0F4-1FEC1E0D2A9C}
	EndGlobalSection
	GlobalSection(ExtensibilityGlobals) = postSolution
		SolutionGuid = {6F40CD13-CB5A-4B5F-A10B-A9B2D2ACFFB3}
	EndGlobalSection
EndGlobal
